
Microsoft Visual Studio Solution File, Format Version 12.00
# Visual Studio 14
VisualStudioVersion = 14.0.25123.0
MinimumVisualStudioVersion = 10.0.40219.1
Project("{FAE04EC0-301F-11D3-BF4B-00C04F79EFBC}") = "Prokard Timing", "Prokard Timing\Prokard Timing.csproj", "{2F9CB853-F3F4-4AE6-BC05-148B06AA90E5}"
	ProjectSection(ProjectDependencies) = postProject
		{DDB2BEB2-2711-45DF-A3E8-4B4246F48E5F} = {DDB2BEB2-2711-45DF-A3E8-4B4246F48E5F}
	EndProjectSection
EndProject
Project("{54435603-DBB4-11D2-8724-00A0C9A8B90C}") = "Setup", "Setup\Setup.vdproj", "{AC83C7A8-B625-4A2E-82A8-47658D8C57D3}"
EndProject
Project("{FAE04EC0-301F-11D3-BF4B-00C04F79EFBC}") = "CrazyKartActivation", "CrazyKartActivation\CrazyKartActivation.csproj", "{2469A196-60D1-4545-B2AA-AF9E2F02D938}"
EndProject
Project("{FAE04EC0-301F-11D3-BF4B-00C04F79EFBC}") = "ResultPrinter", "ResultPrinter\ResultPrinter.csproj", "{DDB2BEB2-2711-45DF-A3E8-4B4246F48E5F}"
EndProject
Project("{FAE04EC0-301F-11D3-BF4B-00C04F79EFBC}") = "Dal", "Dal\Dal.csproj", "{B891B578-FA54-4A0A-A6E4-A3C8CA00C3C3}"
EndProject
Global
	GlobalSection(SolutionConfigurationPlatforms) = preSolution
		Debug|Any CPU = Debug|Any CPU
		Debug|x86 = Debug|x86
		Release|Any CPU = Release|Any CPU
		Release|x86 = Release|x86
	EndGlobalSection
	GlobalSection(ProjectConfigurationPlatforms) = postSolution
		{2F9CB853-F3F4-4AE6-BC05-148B06AA90E5}.Debug|Any CPU.ActiveCfg = Debug|x86
		{2F9CB853-F3F4-4AE6-BC05-148B06AA90E5}.Debug|x86.ActiveCfg = Debug|x86
		{2F9CB853-F3F4-4AE6-BC05-148B06AA90E5}.Debug|x86.Build.0 = Debug|x86
		{2F9CB853-F3F4-4AE6-BC05-148B06AA90E5}.Release|Any CPU.ActiveCfg = Release|x86
		{2F9CB853-F3F4-4AE6-BC05-148B06AA90E5}.Release|x86.ActiveCfg = Release|x86
		{2F9CB853-F3F4-4AE6-BC05-148B06AA90E5}.Release|x86.Build.0 = Release|x86
		{AC83C7A8-B625-4A2E-82A8-47658D8C57D3}.Debug|Any CPU.ActiveCfg = Debug
		{AC83C7A8-B625-4A2E-82A8-47658D8C57D3}.Debug|x86.ActiveCfg = Debug
		{AC83C7A8-B625-4A2E-82A8-47658D8C57D3}.Release|Any CPU.ActiveCfg = Release
		{AC83C7A8-B625-4A2E-82A8-47658D8C57D3}.Release|x86.ActiveCfg = Release
		{2469A196-60D1-4545-B2AA-AF9E2F02D938}.Debug|Any CPU.ActiveCfg = Debug|x86
		{2469A196-60D1-4545-B2AA-AF9E2F02D938}.Debug|x86.ActiveCfg = Debug|x86
		{2469A196-60D1-4545-B2AA-AF9E2F02D938}.Debug|x86.Build.0 = Debug|x86
		{2469A196-60D1-4545-B2AA-AF9E2F02D938}.Release|Any CPU.ActiveCfg = Release|x86
		{2469A196-60D1-4545-B2AA-AF9E2F02D938}.Release|x86.ActiveCfg = Release|x86
		{2469A196-60D1-4545-B2AA-AF9E2F02D938}.Release|x86.Build.0 = Release|x86
		{DDB2BEB2-2711-45DF-A3E8-4B4246F48E5F}.Debug|Any CPU.ActiveCfg = Debug|Any CPU
		{DDB2BEB2-2711-45DF-A3E8-4B4246F48E5F}.Debug|Any CPU.Build.0 = Debug|Any CPU
		{DDB2BEB2-2711-45DF-A3E8-4B4246F48E5F}.Debug|x86.ActiveCfg = Debug|Any CPU
		{DDB2BEB2-2711-45DF-A3E8-4B4246F48E5F}.Debug|x86.Build.0 = Debug|Any CPU
		{DDB2BEB2-2711-45DF-A3E8-4B4246F48E5F}.Release|Any CPU.ActiveCfg = Release|Any CPU
		{DDB2BEB2-2711-45DF-A3E8-4B4246F48E5F}.Release|Any CPU.Build.0 = Release|Any CPU
		{DDB2BEB2-2711-45DF-A3E8-4B4246F48E5F}.Release|x86.ActiveCfg = Release|Any CPU
		{DDB2BEB2-2711-45DF-A3E8-4B4246F48E5F}.Release|x86.Build.0 = Release|Any CPU
		{B891B578-FA54-4A0A-A6E4-A3C8CA00C3C3}.Debug|Any CPU.ActiveCfg = Debug|Any CPU
		{B891B578-FA54-4A0A-A6E4-A3C8CA00C3C3}.Debug|Any CPU.Build.0 = Debug|Any CPU
		{B891B578-FA54-4A0A-A6E4-A3C8CA00C3C3}.Debug|x86.ActiveCfg = Debug|Any CPU
		{B891B578-FA54-4A0A-A6E4-A3C8CA00C3C3}.Debug|x86.Build.0 = Debug|Any CPU
		{B891B578-FA54-4A0A-A6E4-A3C8CA00C3C3}.Release|Any CPU.ActiveCfg = Release|Any CPU
		{B891B578-FA54-4A0A-A6E4-A3C8CA00C3C3}.Release|Any CPU.Build.0 = Release|Any CPU
		{B891B578-FA54-4A0A-A6E4-A3C8CA00C3C3}.Release|x86.ActiveCfg = Release|Any CPU
		{B891B578-FA54-4A0A-A6E4-A3C8CA00C3C3}.Release|x86.Build.0 = Release|Any CPU
	EndGlobalSection
	GlobalSection(SolutionProperties) = preSolution
		HideSolutionNode = FALSE
	EndGlobalSection
EndGlobal
